// !$*UTF8*$!
{
	archiveVersion = 1;
	classes = {
	};
	objectVersion = 56;
	objects = {

/* Begin PBXBuildFile section */
		E406D50F2B70615A00DD9AD6 /* JLPTQuiz.framework in Frameworks */ = {isa = PBXBuildFile; fileRef = E406D5062B70615A00DD9AD6 /* JLPTQuiz.framework */; };
		E406D5142B70615A00DD9AD6 /* LocalQuizMapperTests.swift in Sources */ = {isa = PBXBuildFile; fileRef = E406D5132B70615A00DD9AD6 /* LocalQuizMapperTests.swift */; };
		E406D5152B70615A00DD9AD6 /* JLPTQuiz.h in Headers */ = {isa = PBXBuildFile; fileRef = E406D5092B70615A00DD9AD6 /* JLPTQuiz.h */; settings = {ATTRIBUTES = (Public, ); }; };
		E406D5212B70663600DD9AD6 /* quizzes.json in Resources */ = {isa = PBXBuildFile; fileRef = E406D5202B70663600DD9AD6 /* quizzes.json */; };
		E406D5252B70665700DD9AD6 /* grammars.json in Resources */ = {isa = PBXBuildFile; fileRef = E406D5222B70665700DD9AD6 /* grammars.json */; };
		E406D5262B70665700DD9AD6 /* kanjis.json in Resources */ = {isa = PBXBuildFile; fileRef = E406D5232B70665700DD9AD6 /* kanjis.json */; };
		E406D5272B70665700DD9AD6 /* vocabs.json in Resources */ = {isa = PBXBuildFile; fileRef = E406D5242B70665700DD9AD6 /* vocabs.json */; };
		E406D52B2B7066B800DD9AD6 /* QuizService.swift in Sources */ = {isa = PBXBuildFile; fileRef = E406D52A2B7066B800DD9AD6 /* QuizService.swift */; };
		E406D52D2B706A2100DD9AD6 /* LocalQuizMapper.swift in Sources */ = {isa = PBXBuildFile; fileRef = E406D52C2B706A2100DD9AD6 /* LocalQuizMapper.swift */; };
		E406D5302B706A8000DD9AD6 /* Quiz.swift in Sources */ = {isa = PBXBuildFile; fileRef = E406D52F2B706A8000DD9AD6 /* Quiz.swift */; };
		E406D5342B708EDB00DD9AD6 /* LocalQuizService.swift in Sources */ = {isa = PBXBuildFile; fileRef = E406D5332B708EDB00DD9AD6 /* LocalQuizService.swift */; };
		E406D5372B7091F600DD9AD6 /* LocalQuizServiceIntegrationTests.swift in Sources */ = {isa = PBXBuildFile; fileRef = E406D5362B7091F600DD9AD6 /* LocalQuizServiceIntegrationTests.swift */; };
		E406D53A2B70946100DD9AD6 /* localQuizServiceIntegrationTests-quizzes.json in Resources */ = {isa = PBXBuildFile; fileRef = E406D5392B70946100DD9AD6 /* localQuizServiceIntegrationTests-quizzes.json */; };
		E406D53B2B7096BE00DD9AD6 /* localQuizServiceIntegrationTests-quizzes.json in Resources */ = {isa = PBXBuildFile; fileRef = E406D5392B70946100DD9AD6 /* localQuizServiceIntegrationTests-quizzes.json */; };
		E406D5412B709A3500DD9AD6 /* XCTestCase+MemoryLeakTracking.swift in Sources */ = {isa = PBXBuildFile; fileRef = E406D5402B709A3500DD9AD6 /* XCTestCase+MemoryLeakTracking.swift */; };
		E45B1A732B738538001B838D /* XCTestCase+QuizFeatureHelpers.swift in Sources */ = {isa = PBXBuildFile; fileRef = E45B1A722B738538001B838D /* XCTestCase+QuizFeatureHelpers.swift */; };
		E45B1A752B73861A001B838D /* QuizFlowManagerTests.swift in Sources */ = {isa = PBXBuildFile; fileRef = E45B1A742B73861A001B838D /* QuizFlowManagerTests.swift */; };
		E45B1A782B747EF7001B838D /* QuizFlowManager.swift in Sources */ = {isa = PBXBuildFile; fileRef = E45B1A772B747EF7001B838D /* QuizFlowManager.swift */; };
		E45B1A7A2B747F15001B838D /* QuizFlowManagerTests+Helpers.swift in Sources */ = {isa = PBXBuildFile; fileRef = E45B1A792B747F15001B838D /* QuizFlowManagerTests+Helpers.swift */; };
		E45B1A9A2B747F9C001B838D /* AppDelegate.swift in Sources */ = {isa = PBXBuildFile; fileRef = E45B1A992B747F9C001B838D /* AppDelegate.swift */; };
		E45B1A9C2B747F9C001B838D /* SceneDelegate.swift in Sources */ = {isa = PBXBuildFile; fileRef = E45B1A9B2B747F9C001B838D /* SceneDelegate.swift */; };
		E45B1AA32B747F9D001B838D /* Assets.xcassets in Resources */ = {isa = PBXBuildFile; fileRef = E45B1AA22B747F9D001B838D /* Assets.xcassets */; };
		E45B1AA62B747F9D001B838D /* LaunchScreen.storyboard in Resources */ = {isa = PBXBuildFile; fileRef = E45B1AA42B747F9D001B838D /* LaunchScreen.storyboard */; };
		E45B1AB12B747F9D001B838D /* JLPTQuizUIKitTests.swift in Sources */ = {isa = PBXBuildFile; fileRef = E45B1AB02B747F9D001B838D /* JLPTQuizUIKitTests.swift */; };
		E45B1ACC2B748085001B838D /* Coordinator.swift in Sources */ = {isa = PBXBuildFile; fileRef = E45B1ACB2B748085001B838D /* Coordinator.swift */; };
		E45B1ACE2B7480CE001B838D /* AppCoordinator.swift in Sources */ = {isa = PBXBuildFile; fileRef = E45B1ACD2B7480CE001B838D /* AppCoordinator.swift */; };
		E45B1AD02B748100001B838D /* TabCoordinator.swift in Sources */ = {isa = PBXBuildFile; fileRef = E45B1ACF2B748100001B838D /* TabCoordinator.swift */; };
		E45B1AD32B7481AA001B838D /* CoordinatorFactory.swift in Sources */ = {isa = PBXBuildFile; fileRef = E45B1AD22B7481AA001B838D /* CoordinatorFactory.swift */; };
		E45B1AD72B74820C001B838D /* Icon.swift in Sources */ = {isa = PBXBuildFile; fileRef = E45B1AD62B74820C001B838D /* Icon.swift */; };
		E45B1ADA2B748260001B838D /* Text.swift in Sources */ = {isa = PBXBuildFile; fileRef = E45B1AD92B748260001B838D /* Text.swift */; };
		E45B1ADC2B748275001B838D /* Text+TabBarPage.swift in Sources */ = {isa = PBXBuildFile; fileRef = E45B1ADB2B748275001B838D /* Text+TabBarPage.swift */; };
		E45B1AE12B7483DF001B838D /* ViewController.swift in Sources */ = {isa = PBXBuildFile; fileRef = E45B1AE02B7483DF001B838D /* ViewController.swift */; };
		E45B1AE32B7483E3001B838D /* Base.swift in Sources */ = {isa = PBXBuildFile; fileRef = E45B1AE22B7483E3001B838D /* Base.swift */; };
		E45B1AE62B7483FF001B838D /* SnapKit in Frameworks */ = {isa = PBXBuildFile; productRef = E45B1AE52B7483FE001B838D /* SnapKit */; };
		E45B1AE82B74842A001B838D /* QuizCoordinator.swift in Sources */ = {isa = PBXBuildFile; fileRef = E45B1AE72B74842A001B838D /* QuizCoordinator.swift */; };
		E45B1AEA2B748541001B838D /* TabBarPage.swift in Sources */ = {isa = PBXBuildFile; fileRef = E45B1AE92B748541001B838D /* TabBarPage.swift */; };
		E45B1AED2B748627001B838D /* StartQuizViewController.swift in Sources */ = {isa = PBXBuildFile; fileRef = E45B1AEC2B748627001B838D /* StartQuizViewController.swift */; };
		E45B1AF22B748666001B838D /* JLPTQuizUIComposer.swift in Sources */ = {isa = PBXBuildFile; fileRef = E45B1AF12B748666001B838D /* JLPTQuizUIComposer.swift */; };
		E45B1AF42B74891F001B838D /* JLPTQuiz.framework in Frameworks */ = {isa = PBXBuildFile; fileRef = E406D5062B70615A00DD9AD6 /* JLPTQuiz.framework */; };
		E45B1AF52B74891F001B838D /* JLPTQuiz.framework in Embed Frameworks */ = {isa = PBXBuildFile; fileRef = E406D5062B70615A00DD9AD6 /* JLPTQuiz.framework */; settings = {ATTRIBUTES = (CodeSignOnCopy, RemoveHeadersOnCopy, ); }; };
		E45B1AFA2B748A3E001B838D /* Text+StartQuizViewController.swift in Sources */ = {isa = PBXBuildFile; fileRef = E45B1AF92B748A3E001B838D /* Text+StartQuizViewController.swift */; };
		E45B1AFF2B749155001B838D /* StartQuizViewModel.swift in Sources */ = {isa = PBXBuildFile; fileRef = E45B1AFE2B749155001B838D /* StartQuizViewModel.swift */; };
		E45B1B012B74916F001B838D /* StartQuizConfigCell.swift in Sources */ = {isa = PBXBuildFile; fileRef = E45B1B002B74916F001B838D /* StartQuizConfigCell.swift */; };
		E45B1B032B74AE43001B838D /* Text+Shared.swift in Sources */ = {isa = PBXBuildFile; fileRef = E45B1B022B74AE43001B838D /* Text+Shared.swift */; };
/* End PBXBuildFile section */

/* Begin PBXContainerItemProxy section */
		E406D5102B70615A00DD9AD6 /* PBXContainerItemProxy */ = {
			isa = PBXContainerItemProxy;
			containerPortal = E406D4FD2B70615900DD9AD6 /* Project object */;
			proxyType = 1;
			remoteGlobalIDString = E406D5052B70615A00DD9AD6;
			remoteInfo = JLPTQuiz;
		};
		E45B1AAD2B747F9D001B838D /* PBXContainerItemProxy */ = {
			isa = PBXContainerItemProxy;
			containerPortal = E406D4FD2B70615900DD9AD6 /* Project object */;
			proxyType = 1;
			remoteGlobalIDString = E45B1A962B747F9C001B838D;
			remoteInfo = JLPTQuizUIKit;
		};
		E45B1AF62B74891F001B838D /* PBXContainerItemProxy */ = {
			isa = PBXContainerItemProxy;
			containerPortal = E406D4FD2B70615900DD9AD6 /* Project object */;
			proxyType = 1;
			remoteGlobalIDString = E406D5052B70615A00DD9AD6;
			remoteInfo = JLPTQuiz;
		};
/* End PBXContainerItemProxy section */

/* Begin PBXCopyFilesBuildPhase section */
		E45B1AF82B74891F001B838D /* Embed Frameworks */ = {
			isa = PBXCopyFilesBuildPhase;
			buildActionMask = 2147483647;
			dstPath = "";
			dstSubfolderSpec = 10;
			files = (
				E45B1AF52B74891F001B838D /* JLPTQuiz.framework in Embed Frameworks */,
			);
			name = "Embed Frameworks";
			runOnlyForDeploymentPostprocessing = 0;
		};
/* End PBXCopyFilesBuildPhase section */

/* Begin PBXFileReference section */
		E406D5062B70615A00DD9AD6 /* JLPTQuiz.framework */ = {isa = PBXFileReference; explicitFileType = wrapper.framework; includeInIndex = 0; path = JLPTQuiz.framework; sourceTree = BUILT_PRODUCTS_DIR; };
		E406D5092B70615A00DD9AD6 /* JLPTQuiz.h */ = {isa = PBXFileReference; lastKnownFileType = sourcecode.c.h; path = JLPTQuiz.h; sourceTree = "<group>"; };
		E406D50E2B70615A00DD9AD6 /* JLPTQuizTests.xctest */ = {isa = PBXFileReference; explicitFileType = wrapper.cfbundle; includeInIndex = 0; path = JLPTQuizTests.xctest; sourceTree = BUILT_PRODUCTS_DIR; };
		E406D5132B70615A00DD9AD6 /* LocalQuizMapperTests.swift */ = {isa = PBXFileReference; lastKnownFileType = sourcecode.swift; path = LocalQuizMapperTests.swift; sourceTree = "<group>"; };
		E406D5202B70663600DD9AD6 /* quizzes.json */ = {isa = PBXFileReference; fileEncoding = 4; lastKnownFileType = text.json; path = quizzes.json; sourceTree = "<group>"; };
		E406D5222B70665700DD9AD6 /* grammars.json */ = {isa = PBXFileReference; fileEncoding = 4; lastKnownFileType = text.json; path = grammars.json; sourceTree = "<group>"; };
		E406D5232B70665700DD9AD6 /* kanjis.json */ = {isa = PBXFileReference; fileEncoding = 4; lastKnownFileType = text.json; path = kanjis.json; sourceTree = "<group>"; };
		E406D5242B70665700DD9AD6 /* vocabs.json */ = {isa = PBXFileReference; fileEncoding = 4; lastKnownFileType = text.json; path = vocabs.json; sourceTree = "<group>"; };
		E406D52A2B7066B800DD9AD6 /* QuizService.swift */ = {isa = PBXFileReference; lastKnownFileType = sourcecode.swift; path = QuizService.swift; sourceTree = "<group>"; };
		E406D52C2B706A2100DD9AD6 /* LocalQuizMapper.swift */ = {isa = PBXFileReference; lastKnownFileType = sourcecode.swift; path = LocalQuizMapper.swift; sourceTree = "<group>"; };
		E406D52F2B706A8000DD9AD6 /* Quiz.swift */ = {isa = PBXFileReference; lastKnownFileType = sourcecode.swift; path = Quiz.swift; sourceTree = "<group>"; };
		E406D5332B708EDB00DD9AD6 /* LocalQuizService.swift */ = {isa = PBXFileReference; lastKnownFileType = sourcecode.swift; path = LocalQuizService.swift; sourceTree = "<group>"; };
		E406D5362B7091F600DD9AD6 /* LocalQuizServiceIntegrationTests.swift */ = {isa = PBXFileReference; lastKnownFileType = sourcecode.swift; path = LocalQuizServiceIntegrationTests.swift; sourceTree = "<group>"; };
		E406D5392B70946100DD9AD6 /* localQuizServiceIntegrationTests-quizzes.json */ = {isa = PBXFileReference; lastKnownFileType = text.json; path = "localQuizServiceIntegrationTests-quizzes.json"; sourceTree = "<group>"; };
		E406D5402B709A3500DD9AD6 /* XCTestCase+MemoryLeakTracking.swift */ = {isa = PBXFileReference; lastKnownFileType = sourcecode.swift; path = "XCTestCase+MemoryLeakTracking.swift"; sourceTree = "<group>"; };
		E45B1A722B738538001B838D /* XCTestCase+QuizFeatureHelpers.swift */ = {isa = PBXFileReference; lastKnownFileType = sourcecode.swift; path = "XCTestCase+QuizFeatureHelpers.swift"; sourceTree = "<group>"; };
		E45B1A742B73861A001B838D /* QuizFlowManagerTests.swift */ = {isa = PBXFileReference; lastKnownFileType = sourcecode.swift; path = QuizFlowManagerTests.swift; sourceTree = "<group>"; };
		E45B1A772B747EF7001B838D /* QuizFlowManager.swift */ = {isa = PBXFileReference; lastKnownFileType = sourcecode.swift; path = QuizFlowManager.swift; sourceTree = "<group>"; };
		E45B1A792B747F15001B838D /* QuizFlowManagerTests+Helpers.swift */ = {isa = PBXFileReference; lastKnownFileType = sourcecode.swift; path = "QuizFlowManagerTests+Helpers.swift"; sourceTree = "<group>"; };
		E45B1A972B747F9C001B838D /* JLPTQuizUIKit.app */ = {isa = PBXFileReference; explicitFileType = wrapper.application; includeInIndex = 0; path = JLPTQuizUIKit.app; sourceTree = BUILT_PRODUCTS_DIR; };
		E45B1A992B747F9C001B838D /* AppDelegate.swift */ = {isa = PBXFileReference; lastKnownFileType = sourcecode.swift; path = AppDelegate.swift; sourceTree = "<group>"; };
		E45B1A9B2B747F9C001B838D /* SceneDelegate.swift */ = {isa = PBXFileReference; lastKnownFileType = sourcecode.swift; path = SceneDelegate.swift; sourceTree = "<group>"; };
		E45B1AA22B747F9D001B838D /* Assets.xcassets */ = {isa = PBXFileReference; lastKnownFileType = folder.assetcatalog; path = Assets.xcassets; sourceTree = "<group>"; };
		E45B1AA52B747F9D001B838D /* Base */ = {isa = PBXFileReference; lastKnownFileType = file.storyboard; name = Base; path = Base.lproj/LaunchScreen.storyboard; sourceTree = "<group>"; };
		E45B1AA72B747F9D001B838D /* Info.plist */ = {isa = PBXFileReference; lastKnownFileType = text.plist.xml; path = Info.plist; sourceTree = "<group>"; };
		E45B1AAC2B747F9D001B838D /* JLPTQuizUIKitTests.xctest */ = {isa = PBXFileReference; explicitFileType = wrapper.cfbundle; includeInIndex = 0; path = JLPTQuizUIKitTests.xctest; sourceTree = BUILT_PRODUCTS_DIR; };
		E45B1AB02B747F9D001B838D /* JLPTQuizUIKitTests.swift */ = {isa = PBXFileReference; lastKnownFileType = sourcecode.swift; path = JLPTQuizUIKitTests.swift; sourceTree = "<group>"; };
		E45B1AC72B747FC8001B838D /* JLPTQuizUIKit.xctestplan */ = {isa = PBXFileReference; lastKnownFileType = text; path = JLPTQuizUIKit.xctestplan; sourceTree = "<group>"; };
		E45B1ACB2B748085001B838D /* Coordinator.swift */ = {isa = PBXFileReference; lastKnownFileType = sourcecode.swift; path = Coordinator.swift; sourceTree = "<group>"; };
		E45B1ACD2B7480CE001B838D /* AppCoordinator.swift */ = {isa = PBXFileReference; lastKnownFileType = sourcecode.swift; path = AppCoordinator.swift; sourceTree = "<group>"; };
		E45B1ACF2B748100001B838D /* TabCoordinator.swift */ = {isa = PBXFileReference; lastKnownFileType = sourcecode.swift; path = TabCoordinator.swift; sourceTree = "<group>"; };
		E45B1AD22B7481AA001B838D /* CoordinatorFactory.swift */ = {isa = PBXFileReference; lastKnownFileType = sourcecode.swift; path = CoordinatorFactory.swift; sourceTree = "<group>"; };
		E45B1AD62B74820C001B838D /* Icon.swift */ = {isa = PBXFileReference; lastKnownFileType = sourcecode.swift; path = Icon.swift; sourceTree = "<group>"; };
		E45B1AD92B748260001B838D /* Text.swift */ = {isa = PBXFileReference; lastKnownFileType = sourcecode.swift; path = Text.swift; sourceTree = "<group>"; };
		E45B1ADB2B748275001B838D /* Text+TabBarPage.swift */ = {isa = PBXFileReference; lastKnownFileType = sourcecode.swift; path = "Text+TabBarPage.swift"; sourceTree = "<group>"; };
		E45B1AE02B7483DF001B838D /* ViewController.swift */ = {isa = PBXFileReference; lastKnownFileType = sourcecode.swift; path = ViewController.swift; sourceTree = "<group>"; };
		E45B1AE22B7483E3001B838D /* Base.swift */ = {isa = PBXFileReference; lastKnownFileType = sourcecode.swift; path = Base.swift; sourceTree = "<group>"; };
		E45B1AE72B74842A001B838D /* QuizCoordinator.swift */ = {isa = PBXFileReference; lastKnownFileType = sourcecode.swift; path = QuizCoordinator.swift; sourceTree = "<group>"; };
		E45B1AE92B748541001B838D /* TabBarPage.swift */ = {isa = PBXFileReference; lastKnownFileType = sourcecode.swift; path = TabBarPage.swift; sourceTree = "<group>"; };
		E45B1AEC2B748627001B838D /* StartQuizViewController.swift */ = {isa = PBXFileReference; lastKnownFileType = sourcecode.swift; path = StartQuizViewController.swift; sourceTree = "<group>"; };
		E45B1AF12B748666001B838D /* JLPTQuizUIComposer.swift */ = {isa = PBXFileReference; lastKnownFileType = sourcecode.swift; path = JLPTQuizUIComposer.swift; sourceTree = "<group>"; };
		E45B1AF92B748A3E001B838D /* Text+StartQuizViewController.swift */ = {isa = PBXFileReference; lastKnownFileType = sourcecode.swift; path = "Text+StartQuizViewController.swift"; sourceTree = "<group>"; };
		E45B1AFE2B749155001B838D /* StartQuizViewModel.swift */ = {isa = PBXFileReference; lastKnownFileType = sourcecode.swift; path = StartQuizViewModel.swift; sourceTree = "<group>"; };
		E45B1B002B74916F001B838D /* StartQuizConfigCell.swift */ = {isa = PBXFileReference; lastKnownFileType = sourcecode.swift; path = StartQuizConfigCell.swift; sourceTree = "<group>"; };
		E45B1B022B74AE43001B838D /* Text+Shared.swift */ = {isa = PBXFileReference; lastKnownFileType = sourcecode.swift; path = "Text+Shared.swift"; sourceTree = "<group>"; };
/* End PBXFileReference section */

/* Begin PBXFrameworksBuildPhase section */
		E406D5032B70615A00DD9AD6 /* Frameworks */ = {
			isa = PBXFrameworksBuildPhase;
			buildActionMask = 2147483647;
			files = (
			);
			runOnlyForDeploymentPostprocessing = 0;
		};
		E406D50B2B70615A00DD9AD6 /* Frameworks */ = {
			isa = PBXFrameworksBuildPhase;
			buildActionMask = 2147483647;
			files = (
				E406D50F2B70615A00DD9AD6 /* JLPTQuiz.framework in Frameworks */,
			);
			runOnlyForDeploymentPostprocessing = 0;
		};
		E45B1A942B747F9C001B838D /* Frameworks */ = {
			isa = PBXFrameworksBuildPhase;
			buildActionMask = 2147483647;
			files = (
				E45B1AE62B7483FF001B838D /* SnapKit in Frameworks */,
				E45B1AF42B74891F001B838D /* JLPTQuiz.framework in Frameworks */,
			);
			runOnlyForDeploymentPostprocessing = 0;
		};
		E45B1AA92B747F9D001B838D /* Frameworks */ = {
			isa = PBXFrameworksBuildPhase;
			buildActionMask = 2147483647;
			files = (
			);
			runOnlyForDeploymentPostprocessing = 0;
		};
/* End PBXFrameworksBuildPhase section */

/* Begin PBXGroup section */
		E406D4FC2B70615900DD9AD6 = {
			isa = PBXGroup;
			children = (
				E406D5082B70615A00DD9AD6 /* JLPTQuiz */,
				E406D5122B70615A00DD9AD6 /* JLPTQuizTests */,
				E45B1A982B747F9C001B838D /* JLPTQuizUIKit */,
				E45B1AAF2B747F9D001B838D /* JLPTQuizUIKitTests */,
				E406D5072B70615A00DD9AD6 /* Products */,
				E45B1AF32B74891F001B838D /* Frameworks */,
			);
			sourceTree = "<group>";
		};
		E406D5072B70615A00DD9AD6 /* Products */ = {
			isa = PBXGroup;
			children = (
				E406D5062B70615A00DD9AD6 /* JLPTQuiz.framework */,
				E406D50E2B70615A00DD9AD6 /* JLPTQuizTests.xctest */,
				E45B1A972B747F9C001B838D /* JLPTQuizUIKit.app */,
				E45B1AAC2B747F9D001B838D /* JLPTQuizUIKitTests.xctest */,
			);
			name = Products;
			sourceTree = "<group>";
		};
		E406D5082B70615A00DD9AD6 /* JLPTQuiz */ = {
			isa = PBXGroup;
			children = (
				E406D51E2B70662500DD9AD6 /* Quiz Feature */,
				E406D5092B70615A00DD9AD6 /* JLPTQuiz.h */,
			);
			path = JLPTQuiz;
			sourceTree = "<group>";
		};
		E406D5122B70615A00DD9AD6 /* JLPTQuizTests */ = {
			isa = PBXGroup;
			children = (
				E406D53F2B709A2C00DD9AD6 /* Shared Helpers */,
				E406D5352B7091D800DD9AD6 /* Quiz Feature */,
			);
			path = JLPTQuizTests;
			sourceTree = "<group>";
		};
		E406D51E2B70662500DD9AD6 /* Quiz Feature */ = {
			isa = PBXGroup;
			children = (
				E406D52E2B706A6E00DD9AD6 /* Models */,
				E406D5292B7066AA00DD9AD6 /* Quiz Loader */,
				E45B1A762B747EE3001B838D /* Quiz Flow */,
			);
			path = "Quiz Feature";
			sourceTree = "<group>";
		};
		E406D51F2B70662E00DD9AD6 /* Data */ = {
			isa = PBXGroup;
			children = (
				E406D5202B70663600DD9AD6 /* quizzes.json */,
				E406D5222B70665700DD9AD6 /* grammars.json */,
				E406D5232B70665700DD9AD6 /* kanjis.json */,
				E406D5242B70665700DD9AD6 /* vocabs.json */,
			);
			path = Data;
			sourceTree = "<group>";
		};
		E406D5292B7066AA00DD9AD6 /* Quiz Loader */ = {
			isa = PBXGroup;
			children = (
				E406D51F2B70662E00DD9AD6 /* Data */,
				E406D52C2B706A2100DD9AD6 /* LocalQuizMapper.swift */,
				E406D52A2B7066B800DD9AD6 /* QuizService.swift */,
				E406D5332B708EDB00DD9AD6 /* LocalQuizService.swift */,
			);
			path = "Quiz Loader";
			sourceTree = "<group>";
		};
		E406D52E2B706A6E00DD9AD6 /* Models */ = {
			isa = PBXGroup;
			children = (
				E406D52F2B706A8000DD9AD6 /* Quiz.swift */,
			);
			path = Models;
			sourceTree = "<group>";
		};
		E406D5352B7091D800DD9AD6 /* Quiz Feature */ = {
			isa = PBXGroup;
			children = (
				E406D5382B70945100DD9AD6 /* Helpers */,
				E45B1A702B738507001B838D /* Quiz Flow */,
				E45B1A6E2B7382DC001B838D /* Quiz Loader */,
			);
			path = "Quiz Feature";
			sourceTree = "<group>";
		};
		E406D5382B70945100DD9AD6 /* Helpers */ = {
			isa = PBXGroup;
			children = (
				E45B1A6F2B7384E9001B838D /* Data */,
				E45B1A722B738538001B838D /* XCTestCase+QuizFeatureHelpers.swift */,
			);
			path = Helpers;
			sourceTree = "<group>";
		};
		E406D53F2B709A2C00DD9AD6 /* Shared Helpers */ = {
			isa = PBXGroup;
			children = (
				E406D5402B709A3500DD9AD6 /* XCTestCase+MemoryLeakTracking.swift */,
			);
			path = "Shared Helpers";
			sourceTree = "<group>";
		};
		E45B1A6E2B7382DC001B838D /* Quiz Loader */ = {
			isa = PBXGroup;
			children = (
				E406D5132B70615A00DD9AD6 /* LocalQuizMapperTests.swift */,
				E406D5362B7091F600DD9AD6 /* LocalQuizServiceIntegrationTests.swift */,
			);
			path = "Quiz Loader";
			sourceTree = "<group>";
		};
		E45B1A6F2B7384E9001B838D /* Data */ = {
			isa = PBXGroup;
			children = (
				E406D5392B70946100DD9AD6 /* localQuizServiceIntegrationTests-quizzes.json */,
			);
			path = Data;
			sourceTree = "<group>";
		};
		E45B1A702B738507001B838D /* Quiz Flow */ = {
			isa = PBXGroup;
			children = (
				E45B1A742B73861A001B838D /* QuizFlowManagerTests.swift */,
				E45B1A792B747F15001B838D /* QuizFlowManagerTests+Helpers.swift */,
			);
			path = "Quiz Flow";
			sourceTree = "<group>";
		};
		E45B1A762B747EE3001B838D /* Quiz Flow */ = {
			isa = PBXGroup;
			children = (
				E45B1A772B747EF7001B838D /* QuizFlowManager.swift */,
			);
			path = "Quiz Flow";
			sourceTree = "<group>";
		};
		E45B1A982B747F9C001B838D /* JLPTQuizUIKit */ = {
			isa = PBXGroup;
			children = (
				E45B1AC92B748067001B838D /* Navigation */,
				E45B1ACA2B74806B001B838D /* Features */,
				E45B1AD42B7481EA001B838D /* Shared UI Helpers */,
				E45B1AC82B747FD3001B838D /* Supporting Files */,
				E45B1AA72B747F9D001B838D /* Info.plist */,
			);
			path = JLPTQuizUIKit;
			sourceTree = "<group>";
		};
		E45B1AAF2B747F9D001B838D /* JLPTQuizUIKitTests */ = {
			isa = PBXGroup;
			children = (
				E45B1AB02B747F9D001B838D /* JLPTQuizUIKitTests.swift */,
			);
			path = JLPTQuizUIKitTests;
			sourceTree = "<group>";
		};
		E45B1AC82B747FD3001B838D /* Supporting Files */ = {
			isa = PBXGroup;
			children = (
				E45B1AC72B747FC8001B838D /* JLPTQuizUIKit.xctestplan */,
				E45B1A992B747F9C001B838D /* AppDelegate.swift */,
				E45B1A9B2B747F9C001B838D /* SceneDelegate.swift */,
				E45B1AA22B747F9D001B838D /* Assets.xcassets */,
				E45B1AA42B747F9D001B838D /* LaunchScreen.storyboard */,
			);
			path = "Supporting Files";
			sourceTree = "<group>";
		};
		E45B1AC92B748067001B838D /* Navigation */ = {
			isa = PBXGroup;
			children = (
				E45B1AD12B7481A4001B838D /* Helpers */,
				E45B1ACB2B748085001B838D /* Coordinator.swift */,
				E45B1ACD2B7480CE001B838D /* AppCoordinator.swift */,
				E45B1ACF2B748100001B838D /* TabCoordinator.swift */,
				E45B1AE72B74842A001B838D /* QuizCoordinator.swift */,
			);
			path = Navigation;
			sourceTree = "<group>";
		};
		E45B1ACA2B74806B001B838D /* Features */ = {
			isa = PBXGroup;
			children = (
				E45B1AEE2B74864E001B838D /* Shared UI Helpers */,
				E45B1AEB2B748609001B838D /* Quiz */,
			);
			path = Features;
			sourceTree = "<group>";
		};
		E45B1AD12B7481A4001B838D /* Helpers */ = {
			isa = PBXGroup;
			children = (
				E45B1AD22B7481AA001B838D /* CoordinatorFactory.swift */,
				E45B1AE92B748541001B838D /* TabBarPage.swift */,
			);
			path = Helpers;
			sourceTree = "<group>";
		};
		E45B1AD42B7481EA001B838D /* Shared UI Helpers */ = {
			isa = PBXGroup;
			children = (
				E45B1ADF2B7483D8001B838D /* Core */,
				E45B1AD52B748201001B838D /* Theme */,
				E45B1AD82B748256001B838D /* Localization */,
			);
			path = "Shared UI Helpers";
			sourceTree = "<group>";
		};
		E45B1AD52B748201001B838D /* Theme */ = {
			isa = PBXGroup;
			children = (
				E45B1AD62B74820C001B838D /* Icon.swift */,
			);
			path = Theme;
			sourceTree = "<group>";
		};
		E45B1AD82B748256001B838D /* Localization */ = {
			isa = PBXGroup;
			children = (
				E45B1AD92B748260001B838D /* Text.swift */,
				E45B1B022B74AE43001B838D /* Text+Shared.swift */,
				E45B1ADB2B748275001B838D /* Text+TabBarPage.swift */,
				E45B1AF92B748A3E001B838D /* Text+StartQuizViewController.swift */,
			);
			path = Localization;
			sourceTree = "<group>";
		};
		E45B1ADF2B7483D8001B838D /* Core */ = {
			isa = PBXGroup;
			children = (
				E45B1AE22B7483E3001B838D /* Base.swift */,
				E45B1AE02B7483DF001B838D /* ViewController.swift */,
			);
			path = Core;
			sourceTree = "<group>";
		};
		E45B1AEB2B748609001B838D /* Quiz */ = {
			isa = PBXGroup;
			children = (
				E45B1AFC2B74913E001B838D /* Views */,
				E45B1AFD2B749142001B838D /* View Models */,
				E45B1AFB2B749138001B838D /* View Controllers */,
			);
			path = Quiz;
			sourceTree = "<group>";
		};
		E45B1AEE2B74864E001B838D /* Shared UI Helpers */ = {
			isa = PBXGroup;
			children = (
				E45B1AF02B748659001B838D /* Composers */,
			);
			path = "Shared UI Helpers";
			sourceTree = "<group>";
		};
		E45B1AF02B748659001B838D /* Composers */ = {
			isa = PBXGroup;
			children = (
				E45B1AF12B748666001B838D /* JLPTQuizUIComposer.swift */,
			);
			path = Composers;
			sourceTree = "<group>";
		};
		E45B1AF32B74891F001B838D /* Frameworks */ = {
			isa = PBXGroup;
			children = (
			);
			name = Frameworks;
			sourceTree = "<group>";
		};
		E45B1AFB2B749138001B838D /* View Controllers */ = {
			isa = PBXGroup;
			children = (
				E45B1AEC2B748627001B838D /* StartQuizViewController.swift */,
			);
			path = "View Controllers";
			sourceTree = "<group>";
		};
		E45B1AFC2B74913E001B838D /* Views */ = {
			isa = PBXGroup;
			children = (
				E45B1B002B74916F001B838D /* StartQuizConfigCell.swift */,
			);
			path = Views;
			sourceTree = "<group>";
		};
		E45B1AFD2B749142001B838D /* View Models */ = {
			isa = PBXGroup;
			children = (
				E45B1AFE2B749155001B838D /* StartQuizViewModel.swift */,
			);
			path = "View Models";
			sourceTree = "<group>";
		};
/* End PBXGroup section */

/* Begin PBXHeadersBuildPhase section */
		E406D5012B70615A00DD9AD6 /* Headers */ = {
			isa = PBXHeadersBuildPhase;
			buildActionMask = 2147483647;
			files = (
				E406D5152B70615A00DD9AD6 /* JLPTQuiz.h in Headers */,
			);
			runOnlyForDeploymentPostprocessing = 0;
		};
/* End PBXHeadersBuildPhase section */

/* Begin PBXNativeTarget section */
		E406D5052B70615A00DD9AD6 /* JLPTQuiz */ = {
			isa = PBXNativeTarget;
			buildConfigurationList = E406D5182B70615A00DD9AD6 /* Build configuration list for PBXNativeTarget "JLPTQuiz" */;
			buildPhases = (
				E406D5012B70615A00DD9AD6 /* Headers */,
				E406D5022B70615A00DD9AD6 /* Sources */,
				E406D5032B70615A00DD9AD6 /* Frameworks */,
				E406D5042B70615A00DD9AD6 /* Resources */,
			);
			buildRules = (
			);
			dependencies = (
			);
			name = JLPTQuiz;
			productName = JLPTQuiz;
			productReference = E406D5062B70615A00DD9AD6 /* JLPTQuiz.framework */;
			productType = "com.apple.product-type.framework";
		};
		E406D50D2B70615A00DD9AD6 /* JLPTQuizTests */ = {
			isa = PBXNativeTarget;
			buildConfigurationList = E406D51B2B70615A00DD9AD6 /* Build configuration list for PBXNativeTarget "JLPTQuizTests" */;
			buildPhases = (
				E406D50A2B70615A00DD9AD6 /* Sources */,
				E406D50B2B70615A00DD9AD6 /* Frameworks */,
				E406D50C2B70615A00DD9AD6 /* Resources */,
			);
			buildRules = (
			);
			dependencies = (
				E406D5112B70615A00DD9AD6 /* PBXTargetDependency */,
			);
			name = JLPTQuizTests;
			productName = JLPTQuizTests;
			productReference = E406D50E2B70615A00DD9AD6 /* JLPTQuizTests.xctest */;
			productType = "com.apple.product-type.bundle.unit-test";
		};
		E45B1A962B747F9C001B838D /* JLPTQuizUIKit */ = {
			isa = PBXNativeTarget;
			buildConfigurationList = E45B1ABE2B747F9D001B838D /* Build configuration list for PBXNativeTarget "JLPTQuizUIKit" */;
			buildPhases = (
				E45B1A932B747F9C001B838D /* Sources */,
				E45B1A942B747F9C001B838D /* Frameworks */,
				E45B1A952B747F9C001B838D /* Resources */,
				E45B1AF82B74891F001B838D /* Embed Frameworks */,
			);
			buildRules = (
			);
			dependencies = (
				E45B1AF72B74891F001B838D /* PBXTargetDependency */,
			);
			name = JLPTQuizUIKit;
			packageProductDependencies = (
				E45B1AE52B7483FE001B838D /* SnapKit */,
			);
			productName = JLPTQuizUIKit;
			productReference = E45B1A972B747F9C001B838D /* JLPTQuizUIKit.app */;
			productType = "com.apple.product-type.application";
		};
		E45B1AAB2B747F9D001B838D /* JLPTQuizUIKitTests */ = {
			isa = PBXNativeTarget;
			buildConfigurationList = E45B1AC12B747F9D001B838D /* Build configuration list for PBXNativeTarget "JLPTQuizUIKitTests" */;
			buildPhases = (
				E45B1AA82B747F9D001B838D /* Sources */,
				E45B1AA92B747F9D001B838D /* Frameworks */,
				E45B1AAA2B747F9D001B838D /* Resources */,
			);
			buildRules = (
			);
			dependencies = (
				E45B1AAE2B747F9D001B838D /* PBXTargetDependency */,
			);
			name = JLPTQuizUIKitTests;
			productName = JLPTQuizUIKitTests;
			productReference = E45B1AAC2B747F9D001B838D /* JLPTQuizUIKitTests.xctest */;
			productType = "com.apple.product-type.bundle.unit-test";
		};
/* End PBXNativeTarget section */

/* Begin PBXProject section */
		E406D4FD2B70615900DD9AD6 /* Project object */ = {
			isa = PBXProject;
			attributes = {
				BuildIndependentTargetsInParallel = 1;
				LastSwiftUpdateCheck = 1520;
				LastUpgradeCheck = 1520;
				TargetAttributes = {
					E406D5052B70615A00DD9AD6 = {
						CreatedOnToolsVersion = 15.2;
						LastSwiftMigration = 1520;
					};
					E406D50D2B70615A00DD9AD6 = {
						CreatedOnToolsVersion = 15.2;
					};
					E45B1A962B747F9C001B838D = {
						CreatedOnToolsVersion = 15.2;
					};
					E45B1AAB2B747F9D001B838D = {
						CreatedOnToolsVersion = 15.2;
						TestTargetID = E45B1A962B747F9C001B838D;
					};
				};
			};
			buildConfigurationList = E406D5002B70615900DD9AD6 /* Build configuration list for PBXProject "JLPTQuiz" */;
			compatibilityVersion = "Xcode 14.0";
			developmentRegion = en;
			hasScannedForEncodings = 0;
			knownRegions = (
				en,
				Base,
			);
			mainGroup = E406D4FC2B70615900DD9AD6;
			packageReferences = (
				E45B1AE42B7483FE001B838D /* XCRemoteSwiftPackageReference "SnapKit" */,
			);
			productRefGroup = E406D5072B70615A00DD9AD6 /* Products */;
			projectDirPath = "";
			projectRoot = "";
			targets = (
				E406D5052B70615A00DD9AD6 /* JLPTQuiz */,
				E406D50D2B70615A00DD9AD6 /* JLPTQuizTests */,
				E45B1A962B747F9C001B838D /* JLPTQuizUIKit */,
				E45B1AAB2B747F9D001B838D /* JLPTQuizUIKitTests */,
			);
		};
/* End PBXProject section */

/* Begin PBXResourcesBuildPhase section */
		E406D5042B70615A00DD9AD6 /* Resources */ = {
			isa = PBXResourcesBuildPhase;
			buildActionMask = 2147483647;
			files = (
				E406D5212B70663600DD9AD6 /* quizzes.json in Resources */,
				E406D5272B70665700DD9AD6 /* vocabs.json in Resources */,
				E406D5252B70665700DD9AD6 /* grammars.json in Resources */,
				E406D53B2B7096BE00DD9AD6 /* localQuizServiceIntegrationTests-quizzes.json in Resources */,
				E406D5262B70665700DD9AD6 /* kanjis.json in Resources */,
			);
			runOnlyForDeploymentPostprocessing = 0;
		};
		E406D50C2B70615A00DD9AD6 /* Resources */ = {
			isa = PBXResourcesBuildPhase;
			buildActionMask = 2147483647;
			files = (
				E406D53A2B70946100DD9AD6 /* localQuizServiceIntegrationTests-quizzes.json in Resources */,
			);
			runOnlyForDeploymentPostprocessing = 0;
		};
		E45B1A952B747F9C001B838D /* Resources */ = {
			isa = PBXResourcesBuildPhase;
			buildActionMask = 2147483647;
			files = (
				E45B1AA62B747F9D001B838D /* LaunchScreen.storyboard in Resources */,
				E45B1AA32B747F9D001B838D /* Assets.xcassets in Resources */,
			);
			runOnlyForDeploymentPostprocessing = 0;
		};
		E45B1AAA2B747F9D001B838D /* Resources */ = {
			isa = PBXResourcesBuildPhase;
			buildActionMask = 2147483647;
			files = (
			);
			runOnlyForDeploymentPostprocessing = 0;
		};
/* End PBXResourcesBuildPhase section */

/* Begin PBXSourcesBuildPhase section */
		E406D5022B70615A00DD9AD6 /* Sources */ = {
			isa = PBXSourcesBuildPhase;
			buildActionMask = 2147483647;
			files = (
				E406D52B2B7066B800DD9AD6 /* QuizService.swift in Sources */,
				E406D52D2B706A2100DD9AD6 /* LocalQuizMapper.swift in Sources */,
				E406D5342B708EDB00DD9AD6 /* LocalQuizService.swift in Sources */,
				E406D5302B706A8000DD9AD6 /* Quiz.swift in Sources */,
				E45B1A782B747EF7001B838D /* QuizFlowManager.swift in Sources */,
			);
			runOnlyForDeploymentPostprocessing = 0;
		};
		E406D50A2B70615A00DD9AD6 /* Sources */ = {
			isa = PBXSourcesBuildPhase;
			buildActionMask = 2147483647;
			files = (
				E45B1A752B73861A001B838D /* QuizFlowManagerTests.swift in Sources */,
				E45B1A732B738538001B838D /* XCTestCase+QuizFeatureHelpers.swift in Sources */,
				E45B1A7A2B747F15001B838D /* QuizFlowManagerTests+Helpers.swift in Sources */,
				E406D5142B70615A00DD9AD6 /* LocalQuizMapperTests.swift in Sources */,
				E406D5372B7091F600DD9AD6 /* LocalQuizServiceIntegrationTests.swift in Sources */,
				E406D5412B709A3500DD9AD6 /* XCTestCase+MemoryLeakTracking.swift in Sources */,
			);
			runOnlyForDeploymentPostprocessing = 0;
		};
		E45B1A932B747F9C001B838D /* Sources */ = {
			isa = PBXSourcesBuildPhase;
			buildActionMask = 2147483647;
			files = (
				E45B1AE12B7483DF001B838D /* ViewController.swift in Sources */,
				E45B1AE82B74842A001B838D /* QuizCoordinator.swift in Sources */,
				E45B1AD02B748100001B838D /* TabCoordinator.swift in Sources */,
				E45B1B012B74916F001B838D /* StartQuizConfigCell.swift in Sources */,
				E45B1ACE2B7480CE001B838D /* AppCoordinator.swift in Sources */,
				E45B1AFF2B749155001B838D /* StartQuizViewModel.swift in Sources */,
				E45B1B032B74AE43001B838D /* Text+Shared.swift in Sources */,
				E45B1AED2B748627001B838D /* StartQuizViewController.swift in Sources */,
				E45B1AF22B748666001B838D /* JLPTQuizUIComposer.swift in Sources */,
				E45B1ADA2B748260001B838D /* Text.swift in Sources */,
				E45B1AD72B74820C001B838D /* Icon.swift in Sources */,
				E45B1A9A2B747F9C001B838D /* AppDelegate.swift in Sources */,
				E45B1AEA2B748541001B838D /* TabBarPage.swift in Sources */,
				E45B1AD32B7481AA001B838D /* CoordinatorFactory.swift in Sources */,
				E45B1A9C2B747F9C001B838D /* SceneDelegate.swift in Sources */,
				E45B1ADC2B748275001B838D /* Text+TabBarPage.swift in Sources */,
				E45B1ACC2B748085001B838D /* Coordinator.swift in Sources */,
				E45B1AE32B7483E3001B838D /* Base.swift in Sources */,
				E45B1AFA2B748A3E001B838D /* Text+StartQuizViewController.swift in Sources */,
			);
			runOnlyForDeploymentPostprocessing = 0;
		};
		E45B1AA82B747F9D001B838D /* Sources */ = {
			isa = PBXSourcesBuildPhase;
			buildActionMask = 2147483647;
			files = (
				E45B1AB12B747F9D001B838D /* JLPTQuizUIKitTests.swift in Sources */,
			);
			runOnlyForDeploymentPostprocessing = 0;
		};
/* End PBXSourcesBuildPhase section */

/* Begin PBXTargetDependency section */
		E406D5112B70615A00DD9AD6 /* PBXTargetDependency */ = {
			isa = PBXTargetDependency;
			target = E406D5052B70615A00DD9AD6 /* JLPTQuiz */;
			targetProxy = E406D5102B70615A00DD9AD6 /* PBXContainerItemProxy */;
		};
		E45B1AAE2B747F9D001B838D /* PBXTargetDependency */ = {
			isa = PBXTargetDependency;
			target = E45B1A962B747F9C001B838D /* JLPTQuizUIKit */;
			targetProxy = E45B1AAD2B747F9D001B838D /* PBXContainerItemProxy */;
		};
		E45B1AF72B74891F001B838D /* PBXTargetDependency */ = {
			isa = PBXTargetDependency;
			target = E406D5052B70615A00DD9AD6 /* JLPTQuiz */;
			targetProxy = E45B1AF62B74891F001B838D /* PBXContainerItemProxy */;
		};
/* End PBXTargetDependency section */

/* Begin PBXVariantGroup section */
		E45B1AA42B747F9D001B838D /* LaunchScreen.storyboard */ = {
			isa = PBXVariantGroup;
			children = (
				E45B1AA52B747F9D001B838D /* Base */,
			);
			name = LaunchScreen.storyboard;
			sourceTree = "<group>";
		};
/* End PBXVariantGroup section */

/* Begin XCBuildConfiguration section */
		E406D5162B70615A00DD9AD6 /* Debug */ = {
			isa = XCBuildConfiguration;
			buildSettings = {
				ALWAYS_SEARCH_USER_PATHS = NO;
				ASSETCATALOG_COMPILER_GENERATE_SWIFT_ASSET_SYMBOL_EXTENSIONS = YES;
				CLANG_ANALYZER_NONNULL = YES;
				CLANG_ANALYZER_NUMBER_OBJECT_CONVERSION = YES_AGGRESSIVE;
				CLANG_CXX_LANGUAGE_STANDARD = "gnu++20";
				CLANG_ENABLE_MODULES = YES;
				CLANG_ENABLE_OBJC_ARC = YES;
				CLANG_ENABLE_OBJC_WEAK = YES;
				CLANG_WARN_BLOCK_CAPTURE_AUTORELEASING = YES;
				CLANG_WARN_BOOL_CONVERSION = YES;
				CLANG_WARN_COMMA = YES;
				CLANG_WARN_CONSTANT_CONVERSION = YES;
				CLANG_WARN_DEPRECATED_OBJC_IMPLEMENTATIONS = YES;
				CLANG_WARN_DIRECT_OBJC_ISA_USAGE = YES_ERROR;
				CLANG_WARN_DOCUMENTATION_COMMENTS = YES;
				CLANG_WARN_EMPTY_BODY = YES;
				CLANG_WARN_ENUM_CONVERSION = YES;
				CLANG_WARN_INFINITE_RECURSION = YES;
				CLANG_WARN_INT_CONVERSION = YES;
				CLANG_WARN_NON_LITERAL_NULL_CONVERSION = YES;
				CLANG_WARN_OBJC_IMPLICIT_RETAIN_SELF = YES;
				CLANG_WARN_OBJC_LITERAL_CONVERSION = YES;
				CLANG_WARN_OBJC_ROOT_CLASS = YES_ERROR;
				CLANG_WARN_QUOTED_INCLUDE_IN_FRAMEWORK_HEADER = YES;
				CLANG_WARN_RANGE_LOOP_ANALYSIS = YES;
				CLANG_WARN_STRICT_PROTOTYPES = YES;
				CLANG_WARN_SUSPICIOUS_MOVE = YES;
				CLANG_WARN_UNGUARDED_AVAILABILITY = YES_AGGRESSIVE;
				CLANG_WARN_UNREACHABLE_CODE = YES;
				CLANG_WARN__DUPLICATE_METHOD_MATCH = YES;
				COPY_PHASE_STRIP = NO;
				CURRENT_PROJECT_VERSION = 1;
				DEBUG_INFORMATION_FORMAT = dwarf;
				ENABLE_STRICT_OBJC_MSGSEND = YES;
				ENABLE_TESTABILITY = YES;
				ENABLE_USER_SCRIPT_SANDBOXING = YES;
				GCC_C_LANGUAGE_STANDARD = gnu17;
				GCC_DYNAMIC_NO_PIC = NO;
				GCC_NO_COMMON_BLOCKS = YES;
				GCC_OPTIMIZATION_LEVEL = 0;
				GCC_PREPROCESSOR_DEFINITIONS = (
					"DEBUG=1",
					"$(inherited)",
				);
				GCC_WARN_64_TO_32_BIT_CONVERSION = YES;
				GCC_WARN_ABOUT_RETURN_TYPE = YES_ERROR;
				GCC_WARN_UNDECLARED_SELECTOR = YES;
				GCC_WARN_UNINITIALIZED_AUTOS = YES_AGGRESSIVE;
				GCC_WARN_UNUSED_FUNCTION = YES;
				GCC_WARN_UNUSED_VARIABLE = YES;
				LOCALIZATION_PREFERS_STRING_CATALOGS = YES;
				MTL_ENABLE_DEBUG_INFO = INCLUDE_SOURCE;
				MTL_FAST_MATH = YES;
				ONLY_ACTIVE_ARCH = YES;
				SWIFT_ACTIVE_COMPILATION_CONDITIONS = "DEBUG $(inherited)";
				SWIFT_OPTIMIZATION_LEVEL = "-Onone";
				VERSIONING_SYSTEM = "apple-generic";
				VERSION_INFO_PREFIX = "";
			};
			name = Debug;
		};
		E406D5172B70615A00DD9AD6 /* Release */ = {
			isa = XCBuildConfiguration;
			buildSettings = {
				ALWAYS_SEARCH_USER_PATHS = NO;
				ASSETCATALOG_COMPILER_GENERATE_SWIFT_ASSET_SYMBOL_EXTENSIONS = YES;
				CLANG_ANALYZER_NONNULL = YES;
				CLANG_ANALYZER_NUMBER_OBJECT_CONVERSION = YES_AGGRESSIVE;
				CLANG_CXX_LANGUAGE_STANDARD = "gnu++20";
				CLANG_ENABLE_MODULES = YES;
				CLANG_ENABLE_OBJC_ARC = YES;
				CLANG_ENABLE_OBJC_WEAK = YES;
				CLANG_WARN_BLOCK_CAPTURE_AUTORELEASING = YES;
				CLANG_WARN_BOOL_CONVERSION = YES;
				CLANG_WARN_COMMA = YES;
				CLANG_WARN_CONSTANT_CONVERSION = YES;
				CLANG_WARN_DEPRECATED_OBJC_IMPLEMENTATIONS = YES;
				CLANG_WARN_DIRECT_OBJC_ISA_USAGE = YES_ERROR;
				CLANG_WARN_DOCUMENTATION_COMMENTS = YES;
				CLANG_WARN_EMPTY_BODY = YES;
				CLANG_WARN_ENUM_CONVERSION = YES;
				CLANG_WARN_INFINITE_RECURSION = YES;
				CLANG_WARN_INT_CONVERSION = YES;
				CLANG_WARN_NON_LITERAL_NULL_CONVERSION = YES;
				CLANG_WARN_OBJC_IMPLICIT_RETAIN_SELF = YES;
				CLANG_WARN_OBJC_LITERAL_CONVERSION = YES;
				CLANG_WARN_OBJC_ROOT_CLASS = YES_ERROR;
				CLANG_WARN_QUOTED_INCLUDE_IN_FRAMEWORK_HEADER = YES;
				CLANG_WARN_RANGE_LOOP_ANALYSIS = YES;
				CLANG_WARN_STRICT_PROTOTYPES = YES;
				CLANG_WARN_SUSPICIOUS_MOVE = YES;
				CLANG_WARN_UNGUARDED_AVAILABILITY = YES_AGGRESSIVE;
				CLANG_WARN_UNREACHABLE_CODE = YES;
				CLANG_WARN__DUPLICATE_METHOD_MATCH = YES;
				COPY_PHASE_STRIP = NO;
				CURRENT_PROJECT_VERSION = 1;
				DEBUG_INFORMATION_FORMAT = "dwarf-with-dsym";
				ENABLE_NS_ASSERTIONS = NO;
				ENABLE_STRICT_OBJC_MSGSEND = YES;
				ENABLE_USER_SCRIPT_SANDBOXING = YES;
				GCC_C_LANGUAGE_STANDARD = gnu17;
				GCC_NO_COMMON_BLOCKS = YES;
				GCC_WARN_64_TO_32_BIT_CONVERSION = YES;
				GCC_WARN_ABOUT_RETURN_TYPE = YES_ERROR;
				GCC_WARN_UNDECLARED_SELECTOR = YES;
				GCC_WARN_UNINITIALIZED_AUTOS = YES_AGGRESSIVE;
				GCC_WARN_UNUSED_FUNCTION = YES;
				GCC_WARN_UNUSED_VARIABLE = YES;
				LOCALIZATION_PREFERS_STRING_CATALOGS = YES;
				MTL_ENABLE_DEBUG_INFO = NO;
				MTL_FAST_MATH = YES;
				SWIFT_COMPILATION_MODE = wholemodule;
				VERSIONING_SYSTEM = "apple-generic";
				VERSION_INFO_PREFIX = "";
			};
			name = Release;
		};
		E406D5192B70615A00DD9AD6 /* Debug */ = {
			isa = XCBuildConfiguration;
			buildSettings = {
				CLANG_ENABLE_MODULES = YES;
				CODE_SIGN_STYLE = Automatic;
				CURRENT_PROJECT_VERSION = 1;
				DEFINES_MODULE = YES;
				DEVELOPMENT_TEAM = Q83M63VYW4;
				DYLIB_COMPATIBILITY_VERSION = 1;
				DYLIB_CURRENT_VERSION = 1;
				DYLIB_INSTALL_NAME_BASE = "@rpath";
				ENABLE_MODULE_VERIFIER = YES;
				GENERATE_INFOPLIST_FILE = YES;
				INFOPLIST_KEY_NSHumanReadableCopyright = "";
				INSTALL_PATH = "$(LOCAL_LIBRARY_DIR)/Frameworks";
				IPHONEOS_DEPLOYMENT_TARGET = 17.2;
				LD_RUNPATH_SEARCH_PATHS = (
					"@executable_path/Frameworks",
					"@loader_path/Frameworks",
				);
				"LD_RUNPATH_SEARCH_PATHS[sdk=macosx*]" = (
					"@executable_path/../Frameworks",
					"@loader_path/Frameworks",
				);
				MACOSX_DEPLOYMENT_TARGET = 14.1;
				MARKETING_VERSION = 1.0;
				MODULE_VERIFIER_SUPPORTED_LANGUAGES = "objective-c objective-c++";
				MODULE_VERIFIER_SUPPORTED_LANGUAGE_STANDARDS = "gnu17 gnu++20";
				PRODUCT_BUNDLE_IDENTIFIER = com.muhuiyu.JLPTQuiz;
				PRODUCT_NAME = "$(TARGET_NAME:c99extidentifier)";
				SDKROOT = auto;
				SKIP_INSTALL = YES;
				SUPPORTED_PLATFORMS = "iphoneos iphonesimulator macosx";
				SWIFT_EMIT_LOC_STRINGS = YES;
				SWIFT_OPTIMIZATION_LEVEL = "-Onone";
				SWIFT_VERSION = 5.0;
				TARGETED_DEVICE_FAMILY = "1,2";
			};
			name = Debug;
		};
		E406D51A2B70615A00DD9AD6 /* Release */ = {
			isa = XCBuildConfiguration;
			buildSettings = {
				CLANG_ENABLE_MODULES = YES;
				CODE_SIGN_STYLE = Automatic;
				CURRENT_PROJECT_VERSION = 1;
				DEFINES_MODULE = YES;
				DEVELOPMENT_TEAM = Q83M63VYW4;
				DYLIB_COMPATIBILITY_VERSION = 1;
				DYLIB_CURRENT_VERSION = 1;
				DYLIB_INSTALL_NAME_BASE = "@rpath";
				ENABLE_MODULE_VERIFIER = YES;
				GENERATE_INFOPLIST_FILE = YES;
				INFOPLIST_KEY_NSHumanReadableCopyright = "";
				INSTALL_PATH = "$(LOCAL_LIBRARY_DIR)/Frameworks";
				IPHONEOS_DEPLOYMENT_TARGET = 17.2;
				LD_RUNPATH_SEARCH_PATHS = (
					"@executable_path/Frameworks",
					"@loader_path/Frameworks",
				);
				"LD_RUNPATH_SEARCH_PATHS[sdk=macosx*]" = (
					"@executable_path/../Frameworks",
					"@loader_path/Frameworks",
				);
				MACOSX_DEPLOYMENT_TARGET = 14.1;
				MARKETING_VERSION = 1.0;
				MODULE_VERIFIER_SUPPORTED_LANGUAGES = "objective-c objective-c++";
				MODULE_VERIFIER_SUPPORTED_LANGUAGE_STANDARDS = "gnu17 gnu++20";
				PRODUCT_BUNDLE_IDENTIFIER = com.muhuiyu.JLPTQuiz;
				PRODUCT_NAME = "$(TARGET_NAME:c99extidentifier)";
				SDKROOT = auto;
				SKIP_INSTALL = YES;
				SUPPORTED_PLATFORMS = "iphoneos iphonesimulator macosx";
				SWIFT_EMIT_LOC_STRINGS = YES;
				SWIFT_VERSION = 5.0;
				TARGETED_DEVICE_FAMILY = "1,2";
			};
			name = Release;
		};
		E406D51C2B70615A00DD9AD6 /* Debug */ = {
			isa = XCBuildConfiguration;
			buildSettings = {
				ALWAYS_EMBED_SWIFT_STANDARD_LIBRARIES = YES;
				CODE_SIGN_STYLE = Automatic;
				CURRENT_PROJECT_VERSION = 1;
				DEVELOPMENT_TEAM = Q83M63VYW4;
				GENERATE_INFOPLIST_FILE = YES;
				IPHONEOS_DEPLOYMENT_TARGET = 17.2;
				MACOSX_DEPLOYMENT_TARGET = 14.1;
				MARKETING_VERSION = 1.0;
				PRODUCT_BUNDLE_IDENTIFIER = com.muhuiyu.JLPTQuizTests;
				PRODUCT_NAME = "$(TARGET_NAME)";
				SDKROOT = auto;
				SUPPORTED_PLATFORMS = "iphoneos iphonesimulator macosx";
				SWIFT_EMIT_LOC_STRINGS = NO;
				SWIFT_VERSION = 5.0;
				TARGETED_DEVICE_FAMILY = "1,2";
			};
			name = Debug;
		};
		E406D51D2B70615A00DD9AD6 /* Release */ = {
			isa = XCBuildConfiguration;
			buildSettings = {
				ALWAYS_EMBED_SWIFT_STANDARD_LIBRARIES = YES;
				CODE_SIGN_STYLE = Automatic;
				CURRENT_PROJECT_VERSION = 1;
				DEVELOPMENT_TEAM = Q83M63VYW4;
				GENERATE_INFOPLIST_FILE = YES;
				IPHONEOS_DEPLOYMENT_TARGET = 17.2;
				MACOSX_DEPLOYMENT_TARGET = 14.1;
				MARKETING_VERSION = 1.0;
				PRODUCT_BUNDLE_IDENTIFIER = com.muhuiyu.JLPTQuizTests;
				PRODUCT_NAME = "$(TARGET_NAME)";
				SDKROOT = auto;
				SUPPORTED_PLATFORMS = "iphoneos iphonesimulator macosx";
				SWIFT_EMIT_LOC_STRINGS = NO;
				SWIFT_VERSION = 5.0;
				TARGETED_DEVICE_FAMILY = "1,2";
			};
			name = Release;
		};
		E45B1ABF2B747F9D001B838D /* Debug */ = {
			isa = XCBuildConfiguration;
			buildSettings = {
				ASSETCATALOG_COMPILER_APPICON_NAME = AppIcon;
				ASSETCATALOG_COMPILER_GLOBAL_ACCENT_COLOR_NAME = AccentColor;
				CODE_SIGN_STYLE = Automatic;
				CURRENT_PROJECT_VERSION = 1;
				DEVELOPMENT_TEAM = Q83M63VYW4;
				GENERATE_INFOPLIST_FILE = YES;
				INFOPLIST_FILE = JLPTQuizUIKit/Info.plist;
				INFOPLIST_KEY_UIApplicationSupportsIndirectInputEvents = YES;
				INFOPLIST_KEY_UILaunchStoryboardName = LaunchScreen;
				INFOPLIST_KEY_UISupportedInterfaceOrientations_iPad = "UIInterfaceOrientationPortrait UIInterfaceOrientationPortraitUpsideDown UIInterfaceOrientationLandscapeLeft UIInterfaceOrientationLandscapeRight";
				INFOPLIST_KEY_UISupportedInterfaceOrientations_iPhone = "UIInterfaceOrientationPortrait UIInterfaceOrientationLandscapeLeft UIInterfaceOrientationLandscapeRight";
				IPHONEOS_DEPLOYMENT_TARGET = 17.2;
				LD_RUNPATH_SEARCH_PATHS = (
					"$(inherited)",
					"@executable_path/Frameworks",
				);
				MARKETING_VERSION = 1.0;
				PRODUCT_BUNDLE_IDENTIFIER = com.muhuiyu.JLPTQuizUIKit;
				PRODUCT_NAME = "$(TARGET_NAME)";
				SDKROOT = iphoneos;
				SWIFT_EMIT_LOC_STRINGS = YES;
				SWIFT_VERSION = 5.0;
				TARGETED_DEVICE_FAMILY = "1,2";
			};
			name = Debug;
		};
		E45B1AC02B747F9D001B838D /* Release */ = {
			isa = XCBuildConfiguration;
			buildSettings = {
				ASSETCATALOG_COMPILER_APPICON_NAME = AppIcon;
				ASSETCATALOG_COMPILER_GLOBAL_ACCENT_COLOR_NAME = AccentColor;
				CODE_SIGN_STYLE = Automatic;
				CURRENT_PROJECT_VERSION = 1;
				DEVELOPMENT_TEAM = Q83M63VYW4;
				GENERATE_INFOPLIST_FILE = YES;
				INFOPLIST_FILE = JLPTQuizUIKit/Info.plist;
				INFOPLIST_KEY_UIApplicationSupportsIndirectInputEvents = YES;
				INFOPLIST_KEY_UILaunchStoryboardName = LaunchScreen;
				INFOPLIST_KEY_UISupportedInterfaceOrientations_iPad = "UIInterfaceOrientationPortrait UIInterfaceOrientationPortraitUpsideDown UIInterfaceOrientationLandscapeLeft UIInterfaceOrientationLandscapeRight";
				INFOPLIST_KEY_UISupportedInterfaceOrientations_iPhone = "UIInterfaceOrientationPortrait UIInterfaceOrientationLandscapeLeft UIInterfaceOrientationLandscapeRight";
				IPHONEOS_DEPLOYMENT_TARGET = 17.2;
				LD_RUNPATH_SEARCH_PATHS = (
					"$(inherited)",
					"@executable_path/Frameworks",
				);
				MARKETING_VERSION = 1.0;
				PRODUCT_BUNDLE_IDENTIFIER = com.muhuiyu.JLPTQuizUIKit;
				PRODUCT_NAME = "$(TARGET_NAME)";
				SDKROOT = iphoneos;
				SWIFT_EMIT_LOC_STRINGS = YES;
				SWIFT_VERSION = 5.0;
				TARGETED_DEVICE_FAMILY = "1,2";
				VALIDATE_PRODUCT = YES;
			};
			name = Release;
		};
		E45B1AC22B747F9D001B838D /* Debug */ = {
			isa = XCBuildConfiguration;
			buildSettings = {
				ALWAYS_EMBED_SWIFT_STANDARD_LIBRARIES = YES;
				BUNDLE_LOADER = "$(TEST_HOST)";
				CODE_SIGN_STYLE = Automatic;
				CURRENT_PROJECT_VERSION = 1;
				DEVELOPMENT_TEAM = Q83M63VYW4;
				GENERATE_INFOPLIST_FILE = YES;
				IPHONEOS_DEPLOYMENT_TARGET = 17.2;
				MARKETING_VERSION = 1.0;
				PRODUCT_BUNDLE_IDENTIFIER = com.muhuiyu.JLPTQuizUIKitTests;
				PRODUCT_NAME = "$(TARGET_NAME)";
				SDKROOT = iphoneos;
				SWIFT_EMIT_LOC_STRINGS = NO;
				SWIFT_VERSION = 5.0;
				TARGETED_DEVICE_FAMILY = "1,2";
				TEST_HOST = "$(BUILT_PRODUCTS_DIR)/JLPTQuizUIKit.app/$(BUNDLE_EXECUTABLE_FOLDER_PATH)/JLPTQuizUIKit";
			};
			name = Debug;
		};
		E45B1AC32B747F9D001B838D /* Release */ = {
			isa = XCBuildConfiguration;
			buildSettings = {
				ALWAYS_EMBED_SWIFT_STANDARD_LIBRARIES = YES;
				BUNDLE_LOADER = "$(TEST_HOST)";
				CODE_SIGN_STYLE = Automatic;
				CURRENT_PROJECT_VERSION = 1;
				DEVELOPMENT_TEAM = Q83M63VYW4;
				GENERATE_INFOPLIST_FILE = YES;
				IPHONEOS_DEPLOYMENT_TARGET = 17.2;
				MARKETING_VERSION = 1.0;
				PRODUCT_BUNDLE_IDENTIFIER = com.muhuiyu.JLPTQuizUIKitTests;
				PRODUCT_NAME = "$(TARGET_NAME)";
				SDKROOT = iphoneos;
				SWIFT_EMIT_LOC_STRINGS = NO;
				SWIFT_VERSION = 5.0;
				TARGETED_DEVICE_FAMILY = "1,2";
				TEST_HOST = "$(BUILT_PRODUCTS_DIR)/JLPTQuizUIKit.app/$(BUNDLE_EXECUTABLE_FOLDER_PATH)/JLPTQuizUIKit";
				VALIDATE_PRODUCT = YES;
			};
			name = Release;
		};
/* End XCBuildConfiguration section */

/* Begin XCConfigurationList section */
		E406D5002B70615900DD9AD6 /* Build configuration list for PBXProject "JLPTQuiz" */ = {
			isa = XCConfigurationList;
			buildConfigurations = (
				E406D5162B70615A00DD9AD6 /* Debug */,
				E406D5172B70615A00DD9AD6 /* Release */,
			);
			defaultConfigurationIsVisible = 0;
			defaultConfigurationName = Release;
		};
		E406D5182B70615A00DD9AD6 /* Build configuration list for PBXNativeTarget "JLPTQuiz" */ = {
			isa = XCConfigurationList;
			buildConfigurations = (
				E406D5192B70615A00DD9AD6 /* Debug */,
				E406D51A2B70615A00DD9AD6 /* Release */,
			);
			defaultConfigurationIsVisible = 0;
			defaultConfigurationName = Release;
		};
		E406D51B2B70615A00DD9AD6 /* Build configuration list for PBXNativeTarget "JLPTQuizTests" */ = {
			isa = XCConfigurationList;
			buildConfigurations = (
				E406D51C2B70615A00DD9AD6 /* Debug */,
				E406D51D2B70615A00DD9AD6 /* Release */,
			);
			defaultConfigurationIsVisible = 0;
			defaultConfigurationName = Release;
		};
		E45B1ABE2B747F9D001B838D /* Build configuration list for PBXNativeTarget "JLPTQuizUIKit" */ = {
			isa = XCConfigurationList;
			buildConfigurations = (
				E45B1ABF2B747F9D001B838D /* Debug */,
				E45B1AC02B747F9D001B838D /* Release */,
			);
			defaultConfigurationIsVisible = 0;
			defaultConfigurationName = Release;
		};
		E45B1AC12B747F9D001B838D /* Build configuration list for PBXNativeTarget "JLPTQuizUIKitTests" */ = {
			isa = XCConfigurationList;
			buildConfigurations = (
				E45B1AC22B747F9D001B838D /* Debug */,
				E45B1AC32B747F9D001B838D /* Release */,
			);
			defaultConfigurationIsVisible = 0;
			defaultConfigurationName = Release;
		};
/* End XCConfigurationList section */

/* Begin XCRemoteSwiftPackageReference section */
		E45B1AE42B7483FE001B838D /* XCRemoteSwiftPackageReference "SnapKit" */ = {
			isa = XCRemoteSwiftPackageReference;
			repositoryURL = "https://github.com/SnapKit/SnapKit";
			requirement = {
				kind = upToNextMajorVersion;
				minimumVersion = 5.7.0;
			};
		};
/* End XCRemoteSwiftPackageReference section */

/* Begin XCSwiftPackageProductDependency section */
		E45B1AE52B7483FE001B838D /* SnapKit */ = {
			isa = XCSwiftPackageProductDependency;
			package = E45B1AE42B7483FE001B838D /* XCRemoteSwiftPackageReference "SnapKit" */;
			productName = SnapKit;
		};
/* End XCSwiftPackageProductDependency section */
	};
	rootObject = E406D4FD2B70615900DD9AD6 /* Project object */;
}
